
Microsoft Visual Studio Solution File, Format Version 12.00
# Visual Studio Version 16
VisualStudioVersion = 16.0.29709.97
MinimumVisualStudioVersion = 10.0.40219.1
Project("{F2A71F9B-5D33-465A-A702-920D77279786}") = "Curry_and_Uncurry", "Curry_and_Uncurry.fsproj", "{149C61F8-04CC-4702-BA27-FC65D4596785}"
EndProject
Global
	GlobalSection(SolutionConfigurationPlatforms) = preSolution
		Debug|Any CPU = Debug|Any CPU
		Release|Any CPU = Release|Any CPU
	EndGlobalSection
	GlobalSection(ProjectConfigurationPlatforms) = postSolution
		{149C61F8-04CC-4702-BA27-FC65D4596785}.Debug|Any CPU.ActiveCfg = Debug|Any CPU
		{149C61F8-04CC-4702-BA27-FC65D4596785}.Debug|Any CPU.Build.0 = Debug|Any CPU
		{149C61F8-04CC-4702-BA27-FC65D4596785}.Release|Any CPU.ActiveCfg = Release|Any CPU
		{149C61F8-04CC-4702-BA27-FC65D4596785}.Release|Any CPU.Build.0 = Release|Any CPU
	EndGlobalSection
	GlobalSection(SolutionProperties) = preSolution
		HideSolutionNode = FALSE
	EndGlobalSection
	GlobalSection(ExtensibilityGlobals) = postSolution
		SolutionGuid = {A6D24BB4-A6CA-4C32-B012-F8F8C07F4DB3}
	EndGlobalSection
EndGlobal
